// !$*UTF8*$!
{
	archiveVersion = 1;
	classes = {
	};
	objectVersion = 77;
	objects = {

/* Begin PBXBuildFile section */
		33FAB1A72D921611001D9230 /* FirebaseAnalytics in Frameworks */ = {isa = PBXBuildFile; productRef = 33FAB1A62D921611001D9230 /* FirebaseAnalytics */; };
		33FAB1A92D921611001D9230 /* FirebaseAnalyticsOnDeviceConversion in Frameworks */ = {isa = PBXBuildFile; productRef = 33FAB1A82D921611001D9230 /* FirebaseAnalyticsOnDeviceConversion */; };
		33FAB1AB2D921611001D9230 /* FirebaseAnalyticsWithoutAdIdSupport in Frameworks */ = {isa = PBXBuildFile; productRef = 33FAB1AA2D921611001D9230 /* FirebaseAnalyticsWithoutAdIdSupport */; };
		33FAB1AD2D921611001D9230 /* FirebaseAppCheck in Frameworks */ = {isa = PBXBuildFile; productRef = 33FAB1AC2D921611001D9230 /* FirebaseAppCheck */; };
		33FAB1AF2D921611001D9230 /* FirebaseAppDistribution-Beta in Frameworks */ = {isa = PBXBuildFile; productRef = 33FAB1AE2D921611001D9230 /* FirebaseAppDistribution-Beta */; };
		33FAB1B32D921676001D9230 /* FirebaseInAppMessaging-Beta in Frameworks */ = {isa = PBXBuildFile; productRef = 33FAB1B22D921676001D9230 /* FirebaseInAppMessaging-Beta */; };
		33FAB1B52D921676001D9230 /* FirebaseMessaging in Frameworks */ = {isa = PBXBuildFile; productRef = 33FAB1B42D921676001D9230 /* FirebaseMessaging */; };
/* End PBXBuildFile section */

/* Begin PBXContainerItemProxy section */
		33CDE97F2D90AD900016CE34 /* PBXContainerItemProxy */ = {
			isa = PBXContainerItemProxy;
			containerPortal = 33CDE9662D90AD8D0016CE34 /* Project object */;
			proxyType = 1;
			remoteGlobalIDString = 33CDE96D2D90AD8D0016CE34;
			remoteInfo = BetterMetro;
		};
		33CDE9892D90AD900016CE34 /* PBXContainerItemProxy */ = {
			isa = PBXContainerItemProxy;
			containerPortal = 33CDE9662D90AD8D0016CE34 /* Project object */;
			proxyType = 1;
			remoteGlobalIDString = 33CDE96D2D90AD8D0016CE34;
			remoteInfo = BetterMetro;
		};
/* End PBXContainerItemProxy section */

/* Begin PBXFileReference section */
		33CDE96E2D90AD8D0016CE34 /* BetterMetro.app */ = {isa = PBXFileReference; explicitFileType = wrapper.application; includeInIndex = 0; path = BetterMetro.app; sourceTree = BUILT_PRODUCTS_DIR; };
		33CDE97E2D90AD900016CE34 /* BetterMetroTests.xctest */ = {isa = PBXFileReference; explicitFileType = wrapper.cfbundle; includeInIndex = 0; path = BetterMetroTests.xctest; sourceTree = BUILT_PRODUCTS_DIR; };
		33CDE9882D90AD900016CE34 /* BetterMetroUITests.xctest */ = {isa = PBXFileReference; explicitFileType = wrapper.cfbundle; includeInIndex = 0; path = BetterMetroUITests.xctest; sourceTree = BUILT_PRODUCTS_DIR; };
/* End PBXFileReference section */

/* Begin PBXFileSystemSynchronizedBuildFileExceptionSet section */
		33CDE9FC2D90CC850016CE34 /* Exceptions for "BetterMetro" folder in "BetterMetroTests" target */ = {
			isa = PBXFileSystemSynchronizedBuildFileExceptionSet;
			membershipExceptions = (
				"GoogleService-Info.plist",
			);
			target = 33CDE97D2D90AD900016CE34 /* BetterMetroTests */;
		};
		33CDE9FD2D90CC850016CE34 /* Exceptions for "BetterMetro" folder in "BetterMetroUITests" target */ = {
			isa = PBXFileSystemSynchronizedBuildFileExceptionSet;
			membershipExceptions = (
				"GoogleService-Info.plist",
			);
			target = 33CDE9872D90AD900016CE34 /* BetterMetroUITests */;
		};
/* End PBXFileSystemSynchronizedBuildFileExceptionSet section */

/* Begin PBXFileSystemSynchronizedRootGroup section */
		33CDE9702D90AD8D0016CE34 /* BetterMetro */ = {
			isa = PBXFileSystemSynchronizedRootGroup;
			exceptions = (
				33CDE9FC2D90CC850016CE34 /* Exceptions for "BetterMetro" folder in "BetterMetroTests" target */,
				33CDE9FD2D90CC850016CE34 /* Exceptions for "BetterMetro" folder in "BetterMetroUITests" target */,
			);
			path = BetterMetro;
			sourceTree = "<group>";
		};
		33CDE9812D90AD900016CE34 /* BetterMetroTests */ = {
			isa = PBXFileSystemSynchronizedRootGroup;
			path = BetterMetroTests;
			sourceTree = "<group>";
		};
		33CDE98B2D90AD900016CE34 /* BetterMetroUITests */ = {
			isa = PBXFileSystemSynchronizedRootGroup;
			path = BetterMetroUITests;
			sourceTree = "<group>";
		};
/* End PBXFileSystemSynchronizedRootGroup section */

/* Begin PBXFrameworksBuildPhase section */
		33CDE96B2D90AD8D0016CE34 /* Frameworks */ = {
			isa = PBXFrameworksBuildPhase;
			buildActionMask = 2147483647;
			files = (
				33FAB1AD2D921611001D9230 /* FirebaseAppCheck in Frameworks */,
				33FAB1A72D921611001D9230 /* FirebaseAnalytics in Frameworks */,
				33FAB1B52D921676001D9230 /* FirebaseMessaging in Frameworks */,
				33FAB1AF2D921611001D9230 /* FirebaseAppDistribution-Beta in Frameworks */,
				33FAB1AB2D921611001D9230 /* FirebaseAnalyticsWithoutAdIdSupport in Frameworks */,
				33FAB1A92D921611001D9230 /* FirebaseAnalyticsOnDeviceConversion in Frameworks */,
				33FAB1B32D921676001D9230 /* FirebaseInAppMessaging-Beta in Frameworks */,
			);
			runOnlyForDeploymentPostprocessing = 0;
		};
		33CDE97B2D90AD900016CE34 /* Frameworks */ = {
			isa = PBXFrameworksBuildPhase;
			buildActionMask = 2147483647;
			files = (
			);
			runOnlyForDeploymentPostprocessing = 0;
		};
		33CDE9852D90AD900016CE34 /* Frameworks */ = {
			isa = PBXFrameworksBuildPhase;
			buildActionMask = 2147483647;
			files = (
			);
			runOnlyForDeploymentPostprocessing = 0;
		};
/* End PBXFrameworksBuildPhase section */

/* Begin PBXGroup section */
		33CDE9652D90AD8D0016CE34 = {
			isa = PBXGroup;
			children = (
				33CDE9702D90AD8D0016CE34 /* BetterMetro */,
				33CDE9812D90AD900016CE34 /* BetterMetroTests */,
				33CDE98B2D90AD900016CE34 /* BetterMetroUITests */,
				33CDE96F2D90AD8D0016CE34 /* Products */,
			);
			sourceTree = "<group>";
		};
		33CDE96F2D90AD8D0016CE34 /* Products */ = {
			isa = PBXGroup;
			children = (
				33CDE96E2D90AD8D0016CE34 /* BetterMetro.app */,
				33CDE97E2D90AD900016CE34 /* BetterMetroTests.xctest */,
				33CDE9882D90AD900016CE34 /* BetterMetroUITests.xctest */,
			);
			name = Products;
			sourceTree = "<group>";
		};
/* End PBXGroup section */

/* Begin PBXNativeTarget section */
		33CDE96D2D90AD8D0016CE34 /* BetterMetro */ = {
			isa = PBXNativeTarget;
			buildConfigurationList = 33CDE9922D90AD900016CE34 /* Build configuration list for PBXNativeTarget "BetterMetro" */;
			buildPhases = (
				33CDE96A2D90AD8D0016CE34 /* Sources */,
				33CDE96B2D90AD8D0016CE34 /* Frameworks */,
				33CDE96C2D90AD8D0016CE34 /* Resources */,
			);
			buildRules = (
			);
			dependencies = (
			);
			fileSystemSynchronizedGroups = (
				33CDE9702D90AD8D0016CE34 /* BetterMetro */,
			);
			name = BetterMetro;
			packageProductDependencies = (
				33FAB1A62D921611001D9230 /* FirebaseAnalytics */,
				33FAB1A82D921611001D9230 /* FirebaseAnalyticsOnDeviceConversion */,
				33FAB1AA2D921611001D9230 /* FirebaseAnalyticsWithoutAdIdSupport */,
				33FAB1AC2D921611001D9230 /* FirebaseAppCheck */,
				33FAB1AE2D921611001D9230 /* FirebaseAppDistribution-Beta */,
				33FAB1B22D921676001D9230 /* FirebaseInAppMessaging-Beta */,
				33FAB1B42D921676001D9230 /* FirebaseMessaging */,
			);
			productName = BetterMetro;
			productReference = 33CDE96E2D90AD8D0016CE34 /* BetterMetro.app */;
			productType = "com.apple.product-type.application";
		};
		33CDE97D2D90AD900016CE34 /* BetterMetroTests */ = {
			isa = PBXNativeTarget;
			buildConfigurationList = 33CDE9952D90AD900016CE34 /* Build configuration list for PBXNativeTarget "BetterMetroTests" */;
			buildPhases = (
				33CDE97A2D90AD900016CE34 /* Sources */,
				33CDE97B2D90AD900016CE34 /* Frameworks */,
				33CDE97C2D90AD900016CE34 /* Resources */,
			);
			buildRules = (
			);
			dependencies = (
				33CDE9802D90AD900016CE34 /* PBXTargetDependency */,
			);
			fileSystemSynchronizedGroups = (
				33CDE9812D90AD900016CE34 /* BetterMetroTests */,
			);
			name = BetterMetroTests;
			packageProductDependencies = (
			);
			productName = BetterMetroTests;
			productReference = 33CDE97E2D90AD900016CE34 /* BetterMetroTests.xctest */;
			productType = "com.apple.product-type.bundle.unit-test";
		};
		33CDE9872D90AD900016CE34 /* BetterMetroUITests */ = {
			isa = PBXNativeTarget;
			buildConfigurationList = 33CDE9982D90AD900016CE34 /* Build configuration list for PBXNativeTarget "BetterMetroUITests" */;
			buildPhases = (
				33CDE9842D90AD900016CE34 /* Sources */,
				33CDE9852D90AD900016CE34 /* Frameworks */,
				33CDE9862D90AD900016CE34 /* Resources */,
			);
			buildRules = (
			);
			dependencies = (
				33CDE98A2D90AD900016CE34 /* PBXTargetDependency */,
			);
			fileSystemSynchronizedGroups = (
				33CDE98B2D90AD900016CE34 /* BetterMetroUITests */,
			);
			name = BetterMetroUITests;
			packageProductDependencies = (
			);
			productName = BetterMetroUITests;
			productReference = 33CDE9882D90AD900016CE34 /* BetterMetroUITests.xctest */;
			productType = "com.apple.product-type.bundle.ui-testing";
		};
/* End PBXNativeTarget section */

/* Begin PBXProject section */
		33CDE9662D90AD8D0016CE34 /* Project object */ = {
			isa = PBXProject;
			attributes = {
				BuildIndependentTargetsInParallel = 1;
				LastSwiftUpdateCheck = 1620;
				LastUpgradeCheck = 1620;
				TargetAttributes = {
					33CDE96D2D90AD8D0016CE34 = {
						CreatedOnToolsVersion = 16.2;
						LastSwiftMigration = 1620;
					};
					33CDE97D2D90AD900016CE34 = {
						CreatedOnToolsVersion = 16.2;
						TestTargetID = 33CDE96D2D90AD8D0016CE34;
					};
					33CDE9872D90AD900016CE34 = {
						CreatedOnToolsVersion = 16.2;
						TestTargetID = 33CDE96D2D90AD8D0016CE34;
					};
				};
			};
			buildConfigurationList = 33CDE9692D90AD8D0016CE34 /* Build configuration list for PBXProject "BetterMetro" */;
			developmentRegion = en;
			hasScannedForEncodings = 0;
			knownRegions = (
				en,
				Base,
			);
			mainGroup = 33CDE9652D90AD8D0016CE34;
			minimizedProjectReferenceProxies = 1;
			packageReferences = (
				33CDE9FE2D90CCE20016CE34 /* XCRemoteSwiftPackageReference "firebase-ios-sdk" */,
			);
			preferredProjectObjectVersion = 77;
			productRefGroup = 33CDE96F2D90AD8D0016CE34 /* Products */;
			projectDirPath = "";
			projectRoot = "";
			targets = (
				33CDE96D2D90AD8D0016CE34 /* BetterMetro */,
				33CDE97D2D90AD900016CE34 /* BetterMetroTests */,
				33CDE9872D90AD900016CE34 /* BetterMetroUITests */,
			);
		};
/* End PBXProject section */

/* Begin PBXResourcesBuildPhase section */
		33CDE96C2D90AD8D0016CE34 /* Resources */ = {
			isa = PBXResourcesBuildPhase;
			buildActionMask = 2147483647;
			files = (
			);
			runOnlyForDeploymentPostprocessing = 0;
		};
		33CDE97C2D90AD900016CE34 /* Resources */ = {
			isa = PBXResourcesBuildPhase;
			buildActionMask = 2147483647;
			files = (
			);
			runOnlyForDeploymentPostprocessing = 0;
		};
		33CDE9862D90AD900016CE34 /* Resources */ = {
			isa = PBXResourcesBuildPhase;
			buildActionMask = 2147483647;
			files = (
			);
			runOnlyForDeploymentPostprocessing = 0;
		};
/* End PBXResourcesBuildPhase section */

/* Begin PBXSourcesBuildPhase section */
		33CDE96A2D90AD8D0016CE34 /* Sources */ = {
			isa = PBXSourcesBuildPhase;
			buildActionMask = 2147483647;
			files = (
			);
			runOnlyForDeploymentPostprocessing = 0;
		};
		33CDE97A2D90AD900016CE34 /* Sources */ = {
			isa = PBXSourcesBuildPhase;
			buildActionMask = 2147483647;
			files = (
			);
			runOnlyForDeploymentPostprocessing = 0;
		};
		33CDE9842D90AD900016CE34 /* Sources */ = {
			isa = PBXSourcesBuildPhase;
			buildActionMask = 2147483647;
			files = (
			);
			runOnlyForDeploymentPostprocessing = 0;
		};
/* End PBXSourcesBuildPhase section */

/* Begin PBXTargetDependency section */
		33CDE9802D90AD900016CE34 /* PBXTargetDependency */ = {
			isa = PBXTargetDependency;
			target = 33CDE96D2D90AD8D0016CE34 /* BetterMetro */;
			targetProxy = 33CDE97F2D90AD900016CE34 /* PBXContainerItemProxy */;
		};
		33CDE98A2D90AD900016CE34 /* PBXTargetDependency */ = {
			isa = PBXTargetDependency;
			target = 33CDE96D2D90AD8D0016CE34 /* BetterMetro */;
			targetProxy = 33CDE9892D90AD900016CE34 /* PBXContainerItemProxy */;
		};
/* End PBXTargetDependency section */

/* Begin XCBuildConfiguration section */
		33CDE9902D90AD900016CE34 /* Debug */ = {
			isa = XCBuildConfiguration;
			buildSettings = {
				ALWAYS_SEARCH_USER_PATHS = NO;
				ASSETCATALOG_COMPILER_GENERATE_SWIFT_ASSET_SYMBOL_EXTENSIONS = YES;
				CLANG_ANALYZER_NONNULL = YES;
				CLANG_ANALYZER_NUMBER_OBJECT_CONVERSION = YES_AGGRESSIVE;
				CLANG_CXX_LANGUAGE_STANDARD = "gnu++20";
				CLANG_ENABLE_MODULES = YES;
				CLANG_ENABLE_OBJC_ARC = YES;
				CLANG_ENABLE_OBJC_WEAK = YES;
				CLANG_WARN_BLOCK_CAPTURE_AUTORELEASING = YES;
				CLANG_WARN_BOOL_CONVERSION = YES;
				CLANG_WARN_COMMA = YES;
				CLANG_WARN_CONSTANT_CONVERSION = YES;
				CLANG_WARN_DEPRECATED_OBJC_IMPLEMENTATIONS = YES;
				CLANG_WARN_DIRECT_OBJC_ISA_USAGE = YES_ERROR;
				CLANG_WARN_DOCUMENTATION_COMMENTS = YES;
				CLANG_WARN_EMPTY_BODY = YES;
				CLANG_WARN_ENUM_CONVERSION = YES;
				CLANG_WARN_INFINITE_RECURSION = YES;
				CLANG_WARN_INT_CONVERSION = YES;
				CLANG_WARN_NON_LITERAL_NULL_CONVERSION = YES;
				CLANG_WARN_OBJC_IMPLICIT_RETAIN_SELF = YES;
				CLANG_WARN_OBJC_LITERAL_CONVERSION = YES;
				CLANG_WARN_OBJC_ROOT_CLASS = YES_ERROR;
				CLANG_WARN_QUOTED_INCLUDE_IN_FRAMEWORK_HEADER = YES;
				CLANG_WARN_RANGE_LOOP_ANALYSIS = YES;
				CLANG_WARN_STRICT_PROTOTYPES = YES;
				CLANG_WARN_SUSPICIOUS_MOVE = YES;
				CLANG_WARN_UNGUARDED_AVAILABILITY = YES_AGGRESSIVE;
				CLANG_WARN_UNREACHABLE_CODE = YES;
				CLANG_WARN__DUPLICATE_METHOD_MATCH = YES;
				COPY_PHASE_STRIP = NO;
				DEBUG_INFORMATION_FORMAT = dwarf;
				ENABLE_STRICT_OBJC_MSGSEND = YES;
				ENABLE_TESTABILITY = YES;
				ENABLE_USER_SCRIPT_SANDBOXING = YES;
				GCC_C_LANGUAGE_STANDARD = gnu17;
				GCC_DYNAMIC_NO_PIC = NO;
				GCC_NO_COMMON_BLOCKS = YES;
				GCC_OPTIMIZATION_LEVEL = 0;
				GCC_PREPROCESSOR_DEFINITIONS = (
					"DEBUG=1",
					"$(inherited)",
				);
				GCC_WARN_64_TO_32_BIT_CONVERSION = YES;
				GCC_WARN_ABOUT_RETURN_TYPE = YES_ERROR;
				GCC_WARN_UNDECLARED_SELECTOR = YES;
				GCC_WARN_UNINITIALIZED_AUTOS = YES_AGGRESSIVE;
				GCC_WARN_UNUSED_FUNCTION = YES;
				GCC_WARN_UNUSED_VARIABLE = YES;
				IPHONEOS_DEPLOYMENT_TARGET = 18.2;
				LOCALIZATION_PREFERS_STRING_CATALOGS = YES;
				MTL_ENABLE_DEBUG_INFO = INCLUDE_SOURCE;
				MTL_FAST_MATH = YES;
				ONLY_ACTIVE_ARCH = YES;
				SDKROOT = iphoneos;
				SWIFT_ACTIVE_COMPILATION_CONDITIONS = "DEBUG $(inherited)";
				SWIFT_OPTIMIZATION_LEVEL = "-Onone";
			};
			name = Debug;
		};
		33CDE9912D90AD900016CE34 /* Release */ = {
			isa = XCBuildConfiguration;
			buildSettings = {
				ALWAYS_SEARCH_USER_PATHS = NO;
				ASSETCATALOG_COMPILER_GENERATE_SWIFT_ASSET_SYMBOL_EXTENSIONS = YES;
				CLANG_ANALYZER_NONNULL = YES;
				CLANG_ANALYZER_NUMBER_OBJECT_CONVERSION = YES_AGGRESSIVE;
				CLANG_CXX_LANGUAGE_STANDARD = "gnu++20";
				CLANG_ENABLE_MODULES = YES;
				CLANG_ENABLE_OBJC_ARC = YES;
				CLANG_ENABLE_OBJC_WEAK = YES;
				CLANG_WARN_BLOCK_CAPTURE_AUTORELEASING = YES;
				CLANG_WARN_BOOL_CONVERSION = YES;
				CLANG_WARN_COMMA = YES;
				CLANG_WARN_CONSTANT_CONVERSION = YES;
				CLANG_WARN_DEPRECATED_OBJC_IMPLEMENTATIONS = YES;
				CLANG_WARN_DIRECT_OBJC_ISA_USAGE = YES_ERROR;
				CLANG_WARN_DOCUMENTATION_COMMENTS = YES;
				CLANG_WARN_EMPTY_BODY = YES;
				CLANG_WARN_ENUM_CONVERSION = YES;
				CLANG_WARN_INFINITE_RECURSION = YES;
				CLANG_WARN_INT_CONVERSION = YES;
				CLANG_WARN_NON_LITERAL_NULL_CONVERSION = YES;
				CLANG_WARN_OBJC_IMPLICIT_RETAIN_SELF = YES;
				CLANG_WARN_OBJC_LITERAL_CONVERSION = YES;
				CLANG_WARN_OBJC_ROOT_CLASS = YES_ERROR;
				CLANG_WARN_QUOTED_INCLUDE_IN_FRAMEWORK_HEADER = YES;
				CLANG_WARN_RANGE_LOOP_ANALYSIS = YES;
				CLANG_WARN_STRICT_PROTOTYPES = YES;
				CLANG_WARN_SUSPICIOUS_MOVE = YES;
				CLANG_WARN_UNGUARDED_AVAILABILITY = YES_AGGRESSIVE;
				CLANG_WARN_UNREACHABLE_CODE = YES;
				CLANG_WARN__DUPLICATE_METHOD_MATCH = YES;
				COPY_PHASE_STRIP = NO;
				DEBUG_INFORMATION_FORMAT = "dwarf-with-dsym";
				ENABLE_NS_ASSERTIONS = NO;
				ENABLE_STRICT_OBJC_MSGSEND = YES;
				ENABLE_USER_SCRIPT_SANDBOXING = YES;
				GCC_C_LANGUAGE_STANDARD = gnu17;
				GCC_NO_COMMON_BLOCKS = YES;
				GCC_WARN_64_TO_32_BIT_CONVERSION = YES;
				GCC_WARN_ABOUT_RETURN_TYPE = YES_ERROR;
				GCC_WARN_UNDECLARED_SELECTOR = YES;
				GCC_WARN_UNINITIALIZED_AUTOS = YES_AGGRESSIVE;
				GCC_WARN_UNUSED_FUNCTION = YES;
				GCC_WARN_UNUSED_VARIABLE = YES;
				IPHONEOS_DEPLOYMENT_TARGET = 18.2;
				LOCALIZATION_PREFERS_STRING_CATALOGS = YES;
				MTL_ENABLE_DEBUG_INFO = NO;
				MTL_FAST_MATH = YES;
				SDKROOT = iphoneos;
				SWIFT_COMPILATION_MODE = wholemodule;
				VALIDATE_PRODUCT = YES;
			};
			name = Release;
		};
		33CDE9932D90AD900016CE34 /* Debug */ = {
			isa = XCBuildConfiguration;
			buildSettings = {
				ASSETCATALOG_COMPILER_APPICON_NAME = AppIcon;
				ASSETCATALOG_COMPILER_GLOBAL_ACCENT_COLOR_NAME = AccentColor;
				CLANG_ENABLE_MODULES = YES;
				CODE_SIGN_STYLE = Automatic;
				CURRENT_PROJECT_VERSION = 1;
				DEVELOPMENT_ASSET_PATHS = "\"BetterMetro/Preview Content\"";
				DEVELOPMENT_TEAM = 8CFHW4VE6V;
				ENABLE_PREVIEWS = YES;
				GENERATE_INFOPLIST_FILE = YES;
				INFOPLIST_KEY_CFBundleDisplayName = BetterMetro;
				INFOPLIST_KEY_UIApplicationSceneManifest_Generation = YES;
				INFOPLIST_KEY_UIApplicationSupportsIndirectInputEvents = YES;
				INFOPLIST_KEY_UILaunchScreen_Generation = YES;
				INFOPLIST_KEY_UIRequiresFullScreen = YES;
				INFOPLIST_KEY_UISupportedInterfaceOrientations = UIInterfaceOrientationPortrait;
				INFOPLIST_KEY_UISupportedInterfaceOrientations_iPad = "UIInterfaceOrientationLandscapeRight UIInterfaceOrientationPortrait";
				LD_RUNPATH_SEARCH_PATHS = (
					"$(inherited)",
					"@executable_path/Frameworks",
				);
				MARKETING_VERSION = 0.1.2;
				PRODUCT_BUNDLE_IDENTIFIER = com.sam.app.BetterMetro;
				PRODUCT_NAME = "$(TARGET_NAME)";
				SWIFT_EMIT_LOC_STRINGS = YES;
				SWIFT_OPTIMIZATION_LEVEL = "-Onone";
				SWIFT_VERSION = 5.0;
				TARGETED_DEVICE_FAMILY = "1,2";
			};
			name = Debug;
		};
		33CDE9942D90AD900016CE34 /* Release */ = {
			isa = XCBuildConfiguration;
			buildSettings = {
				ASSETCATALOG_COMPILER_APPICON_NAME = AppIcon;
				ASSETCATALOG_COMPILER_GLOBAL_ACCENT_COLOR_NAME = AccentColor;
				CLANG_ENABLE_MODULES = YES;
				CODE_SIGN_STYLE = Automatic;
				CURRENT_PROJECT_VERSION = 1;
				DEVELOPMENT_ASSET_PATHS = "\"BetterMetro/Preview Content\"";
				DEVELOPMENT_TEAM = 8CFHW4VE6V;
				ENABLE_PREVIEWS = YES;
				GENERATE_INFOPLIST_FILE = YES;
				INFOPLIST_KEY_CFBundleDisplayName = BetterMetro;
				INFOPLIST_KEY_UIApplicationSceneManifest_Generation = YES;
				INFOPLIST_KEY_UIApplicationSupportsIndirectInputEvents = YES;
				INFOPLIST_KEY_UILaunchScreen_Generation = YES;
				INFOPLIST_KEY_UIRequiresFullScreen = YES;
				INFOPLIST_KEY_UISupportedInterfaceOrientations = UIInterfaceOrientationPortrait;
				INFOPLIST_KEY_UISupportedInterfaceOrientations_iPad = "UIInterfaceOrientationLandscapeRight UIInterfaceOrientationPortrait";
				LD_RUNPATH_SEARCH_PATHS = (
					"$(inherited)",
					"@executable_path/Frameworks",
				);
				MARKETING_VERSION = 0.1.2;
				PRODUCT_BUNDLE_IDENTIFIER = com.sam.app.BetterMetro;
				PRODUCT_NAME = "$(TARGET_NAME)";
				SWIFT_EMIT_LOC_STRINGS = YES;
				SWIFT_VERSION = 5.0;
				TARGETED_DEVICE_FAMILY = "1,2";
			};
			name = Release;
		};
		33CDE9962D90AD900016CE34 /* Debug */ = {
			isa = XCBuildConfiguration;
			buildSettings = {
				BUNDLE_LOADER = "$(TEST_HOST)";
				CODE_SIGN_STYLE = Automatic;
				CURRENT_PROJECT_VERSION = 1;
				DEVELOPMENT_TEAM = 8CFHW4VE6V;
				GENERATE_INFOPLIST_FILE = YES;
				IPHONEOS_DEPLOYMENT_TARGET = 18.2;
				MARKETING_VERSION = 1.0;
				PRODUCT_BUNDLE_IDENTIFIER = com.sam.app.BetterMetroTests;
				PRODUCT_NAME = "$(TARGET_NAME)";
				SWIFT_EMIT_LOC_STRINGS = NO;
				SWIFT_VERSION = 5.0;
				TARGETED_DEVICE_FAMILY = "1,2";
				TEST_HOST = "$(BUILT_PRODUCTS_DIR)/BetterMetro.app/$(BUNDLE_EXECUTABLE_FOLDER_PATH)/BetterMetro";
			};
			name = Debug;
		};
		33CDE9972D90AD900016CE34 /* Release */ = {
			isa = XCBuildConfiguration;
			buildSettings = {
				BUNDLE_LOADER = "$(TEST_HOST)";
				CODE_SIGN_STYLE = Automatic;
				CURRENT_PROJECT_VERSION = 1;
				DEVELOPMENT_TEAM = 8CFHW4VE6V;
				GENERATE_INFOPLIST_FILE = YES;
				IPHONEOS_DEPLOYMENT_TARGET = 18.2;
				MARKETING_VERSION = 1.0;
				PRODUCT_BUNDLE_IDENTIFIER = com.sam.app.BetterMetroTests;
				PRODUCT_NAME = "$(TARGET_NAME)";
				SWIFT_EMIT_LOC_STRINGS = NO;
				SWIFT_VERSION = 5.0;
				TARGETED_DEVICE_FAMILY = "1,2";
				TEST_HOST = "$(BUILT_PRODUCTS_DIR)/BetterMetro.app/$(BUNDLE_EXECUTABLE_FOLDER_PATH)/BetterMetro";
			};
			name = Release;
		};
		33CDE9992D90AD900016CE34 /* Debug */ = {
			isa = XCBuildConfiguration;
			buildSettings = {
				CODE_SIGN_STYLE = Automatic;
				CURRENT_PROJECT_VERSION = 1;
				DEVELOPMENT_TEAM = 8CFHW4VE6V;
				GENERATE_INFOPLIST_FILE = YES;
				MARKETING_VERSION = 1.0;
				PRODUCT_BUNDLE_IDENTIFIER = com.sam.app.BetterMetroUITests;
				PRODUCT_NAME = "$(TARGET_NAME)";
				SWIFT_EMIT_LOC_STRINGS = NO;
				SWIFT_VERSION = 5.0;
				TARGETED_DEVICE_FAMILY = "1,2";
				TEST_TARGET_NAME = BetterMetro;
			};
			name = Debug;
		};
		33CDE99A2D90AD900016CE34 /* Release */ = {
			isa = XCBuildConfiguration;
			buildSettings = {
				CODE_SIGN_STYLE = Automatic;
				CURRENT_PROJECT_VERSION = 1;
				DEVELOPMENT_TEAM = 8CFHW4VE6V;
				GENERATE_INFOPLIST_FILE = YES;
				MARKETING_VERSION = 1.0;
				PRODUCT_BUNDLE_IDENTIFIER = com.sam.app.BetterMetroUITests;
				PRODUCT_NAME = "$(TARGET_NAME)";
				SWIFT_EMIT_LOC_STRINGS = NO;
				SWIFT_VERSION = 5.0;
				TARGETED_DEVICE_FAMILY = "1,2";
				TEST_TARGET_NAME = BetterMetro;
			};
			name = Release;
		};
/* End XCBuildConfiguration section */

/* Begin XCConfigurationList section */
		33CDE9692D90AD8D0016CE34 /* Build configuration list for PBXProject "BetterMetro" */ = {
			isa = XCConfigurationList;
			buildConfigurations = (
				33CDE9902D90AD900016CE34 /* Debug */,
				33CDE9912D90AD900016CE34 /* Release */,
			);
			defaultConfigurationIsVisible = 0;
			defaultConfigurationName = Release;
		};
		33CDE9922D90AD900016CE34 /* Build configuration list for PBXNativeTarget "BetterMetro" */ = {
			isa = XCConfigurationList;
			buildConfigurations = (
				33CDE9932D90AD900016CE34 /* Debug */,
				33CDE9942D90AD900016CE34 /* Release */,
			);
			defaultConfigurationIsVisible = 0;
			defaultConfigurationName = Release;
		};
		33CDE9952D90AD900016CE34 /* Build configuration list for PBXNativeTarget "BetterMetroTests" */ = {
			isa = XCConfigurationList;
			buildConfigurations = (
				33CDE9962D90AD900016CE34 /* Debug */,
				33CDE9972D90AD900016CE34 /* Release */,
			);
			defaultConfigurationIsVisible = 0;
			defaultConfigurationName = Release;
		};
		33CDE9982D90AD900016CE34 /* Build configuration list for PBXNativeTarget "BetterMetroUITests" */ = {
			isa = XCConfigurationList;
			buildConfigurations = (
				33CDE9992D90AD900016CE34 /* Debug */,
				33CDE99A2D90AD900016CE34 /* Release */,
			);
			defaultConfigurationIsVisible = 0;
			defaultConfigurationName = Release;
		};
/* End XCConfigurationList section */

/* Begin XCRemoteSwiftPackageReference section */
		33CDE9FE2D90CCE20016CE34 /* XCRemoteSwiftPackageReference "firebase-ios-sdk" */ = {
			isa = XCRemoteSwiftPackageReference;
			repositoryURL = "https://github.com/firebase/firebase-ios-sdk";
			requirement = {
				kind = upToNextMajorVersion;
				minimumVersion = 11.10.0;
			};
		};
/* End XCRemoteSwiftPackageReference section */

/* Begin XCSwiftPackageProductDependency section */
		33FAB1A62D921611001D9230 /* FirebaseAnalytics */ = {
			isa = XCSwiftPackageProductDependency;
			package = 33CDE9FE2D90CCE20016CE34 /* XCRemoteSwiftPackageReference "firebase-ios-sdk" */;
			productName = FirebaseAnalytics;
		};
		33FAB1A82D921611001D9230 /* FirebaseAnalyticsOnDeviceConversion */ = {
			isa = XCSwiftPackageProductDependency;
			package = 33CDE9FE2D90CCE20016CE34 /* XCRemoteSwiftPackageReference "firebase-ios-sdk" */;
			productName = FirebaseAnalyticsOnDeviceConversion;
		};
		33FAB1AA2D921611001D9230 /* FirebaseAnalyticsWithoutAdIdSupport */ = {
			isa = XCSwiftPackageProductDependency;
			package = 33CDE9FE2D90CCE20016CE34 /* XCRemoteSwiftPackageReference "firebase-ios-sdk" */;
			productName = FirebaseAnalyticsWithoutAdIdSupport;
		};
		33FAB1AC2D921611001D9230 /* FirebaseAppCheck */ = {
			isa = XCSwiftPackageProductDependency;
			package = 33CDE9FE2D90CCE20016CE34 /* XCRemoteSwiftPackageReference "firebase-ios-sdk" */;
			productName = FirebaseAppCheck;
		};
		33FAB1AE2D921611001D9230 /* FirebaseAppDistribution-Beta */ = {
			isa = XCSwiftPackageProductDependency;
			package = 33CDE9FE2D90CCE20016CE34 /* XCRemoteSwiftPackageReference "firebase-ios-sdk" */;
			productName = "FirebaseAppDistribution-Beta";
		};
		33FAB1B22D921676001D9230 /* FirebaseInAppMessaging-Beta */ = {
			isa = XCSwiftPackageProductDependency;
			package = 33CDE9FE2D90CCE20016CE34 /* XCRemoteSwiftPackageReference "firebase-ios-sdk" */;
			productName = "FirebaseInAppMessaging-Beta";
		};
		33FAB1B42D921676001D9230 /* FirebaseMessaging */ = {
			isa = XCSwiftPackageProductDependency;
			package = 33CDE9FE2D90CCE20016CE34 /* XCRemoteSwiftPackageReference "firebase-ios-sdk" */;
			productName = FirebaseMessaging;
		};
/* End XCSwiftPackageProductDependency section */
	};
	rootObject = 33CDE9662D90AD8D0016CE34 /* Project object */;
}
